
Microsoft Visual Studio Solution File, Format Version 12.00
# Visual Studio Version 17
VisualStudioVersion = 17.12.35514.174 d17.12
MinimumVisualStudioVersion = 10.0.40219.1
Project("{2150E333-8FDC-42A3-9474-1A3956D46DE8}") = "SolutionItem", "SolutionItem", "{F85B471C-D338-44F0-80B6-B51C5FECDF28}"
	ProjectSection(SolutionItems) = preProject
		.editorconfig = .editorconfig
		Directory.Build.props = Directory.Build.props
	EndProjectSection
EndProject
Project("{2150E333-8FDC-42A3-9474-1A3956D46DE8}") = "src", "src", "{DB5AC624-D74A-4A1F-90DA-275564678296}"
EndProject
Project("{2150E333-8FDC-42A3-9474-1A3956D46DE8}") = "test", "test", "{460DA1D9-290A-435B-B24D-3928CDFDF826}"
EndProject
Project("{FAE04EC0-301F-11D3-BF4B-00C04F79EFBC}") = "DemoCICD.API", "src\DemoCICD.API\DemoCICD.API.csproj", "{E59F84F7-35D1-4302-9099-A9AB573C43AC}"
EndProject
Project("{FAE04EC0-301F-11D3-BF4B-00C04F79EFBC}") = "DemoCICD.Application", "src\DemoCICD.Application\DemoCICD.Application.csproj", "{1C76C5A7-4D2F-4B00-BAC7-C4CDE1CA61D5}"
EndProject
Project("{FAE04EC0-301F-11D3-BF4B-00C04F79EFBC}") = "DemoCICD.Domain", "src\DemoCICD.Domain\DemoCICD.Domain.csproj", "{54FB6B71-5FF1-4A98-88C5-6F2EFA73E549}"
EndProject
Project("{FAE04EC0-301F-11D3-BF4B-00C04F79EFBC}") = "DemoCICD.Infrastructure", "src\Infrastructure\DemoCICD.Infrastructure.csproj", "{673448DC-61F6-40C6-BCE5-E62B3C449EEA}"
EndProject
Project("{FAE04EC0-301F-11D3-BF4B-00C04F79EFBC}") = "DemoCICD.Persistance", "src\DemoCICD.Persistance\DemoCICD.Persistance.csproj", "{A8C974CC-4ED7-4C48-9541-D68F7534F1AF}"
EndProject
Project("{FAE04EC0-301F-11D3-BF4B-00C04F79EFBC}") = "DemoCICD.Presentation", "src\DemoCICD.Presentation\DemoCICD.Presentation.csproj", "{67C02A8D-9F6D-4EEF-BCAA-8582FD5CA798}"
EndProject
Project("{FAE04EC0-301F-11D3-BF4B-00C04F79EFBC}") = "DemoCICD.Architecture.Tests", "test\DemoCICD.Architecture.Tests\DemoCICD.Architecture.Tests.csproj", "{FD563F7A-FCC2-49D2-8CC0-049AB7DE0C50}"
EndProject
Global
	GlobalSection(SolutionConfigurationPlatforms) = preSolution
		Debug|Any CPU = Debug|Any CPU
		Release|Any CPU = Release|Any CPU
	EndGlobalSection
	GlobalSection(ProjectConfigurationPlatforms) = postSolution
		{E59F84F7-35D1-4302-9099-A9AB573C43AC}.Debug|Any CPU.ActiveCfg = Debug|Any CPU
		{E59F84F7-35D1-4302-9099-A9AB573C43AC}.Debug|Any CPU.Build.0 = Debug|Any CPU
		{E59F84F7-35D1-4302-9099-A9AB573C43AC}.Release|Any CPU.ActiveCfg = Release|Any CPU
		{E59F84F7-35D1-4302-9099-A9AB573C43AC}.Release|Any CPU.Build.0 = Release|Any CPU
		{1C76C5A7-4D2F-4B00-BAC7-C4CDE1CA61D5}.Debug|Any CPU.ActiveCfg = Debug|Any CPU
		{1C76C5A7-4D2F-4B00-BAC7-C4CDE1CA61D5}.Debug|Any CPU.Build.0 = Debug|Any CPU
		{1C76C5A7-4D2F-4B00-BAC7-C4CDE1CA61D5}.Release|Any CPU.ActiveCfg = Release|Any CPU
		{1C76C5A7-4D2F-4B00-BAC7-C4CDE1CA61D5}.Release|Any CPU.Build.0 = Release|Any CPU
		{54FB6B71-5FF1-4A98-88C5-6F2EFA73E549}.Debug|Any CPU.ActiveCfg = Debug|Any CPU
		{54FB6B71-5FF1-4A98-88C5-6F2EFA73E549}.Debug|Any CPU.Build.0 = Debug|Any CPU
		{54FB6B71-5FF1-4A98-88C5-6F2EFA73E549}.Release|Any CPU.ActiveCfg = Release|Any CPU
		{54FB6B71-5FF1-4A98-88C5-6F2EFA73E549}.Release|Any CPU.Build.0 = Release|Any CPU
		{673448DC-61F6-40C6-BCE5-E62B3C449EEA}.Debug|Any CPU.ActiveCfg = Debug|Any CPU
		{673448DC-61F6-40C6-BCE5-E62B3C449EEA}.Debug|Any CPU.Build.0 = Debug|Any CPU
		{673448DC-61F6-40C6-BCE5-E62B3C449EEA}.Release|Any CPU.ActiveCfg = Release|Any CPU
		{673448DC-61F6-40C6-BCE5-E62B3C449EEA}.Release|Any CPU.Build.0 = Release|Any CPU
		{A8C974CC-4ED7-4C48-9541-D68F7534F1AF}.Debug|Any CPU.ActiveCfg = Debug|Any CPU
		{A8C974CC-4ED7-4C48-9541-D68F7534F1AF}.Debug|Any CPU.Build.0 = Debug|Any CPU
		{A8C974CC-4ED7-4C48-9541-D68F7534F1AF}.Release|Any CPU.ActiveCfg = Release|Any CPU
		{A8C974CC-4ED7-4C48-9541-D68F7534F1AF}.Release|Any CPU.Build.0 = Release|Any CPU
		{67C02A8D-9F6D-4EEF-BCAA-8582FD5CA798}.Debug|Any CPU.ActiveCfg = Debug|Any CPU
		{67C02A8D-9F6D-4EEF-BCAA-8582FD5CA798}.Debug|Any CPU.Build.0 = Debug|Any CPU
		{67C02A8D-9F6D-4EEF-BCAA-8582FD5CA798}.Release|Any CPU.ActiveCfg = Release|Any CPU
		{67C02A8D-9F6D-4EEF-BCAA-8582FD5CA798}.Release|Any CPU.Build.0 = Release|Any CPU
		{FD563F7A-FCC2-49D2-8CC0-049AB7DE0C50}.Debug|Any CPU.ActiveCfg = Debug|Any CPU
		{FD563F7A-FCC2-49D2-8CC0-049AB7DE0C50}.Debug|Any CPU.Build.0 = Debug|Any CPU
		{FD563F7A-FCC2-49D2-8CC0-049AB7DE0C50}.Release|Any CPU.ActiveCfg = Release|Any CPU
		{FD563F7A-FCC2-49D2-8CC0-049AB7DE0C50}.Release|Any CPU.Build.0 = Release|Any CPU
	EndGlobalSection
	GlobalSection(SolutionProperties) = preSolution
		HideSolutionNode = FALSE
	EndGlobalSection
	GlobalSection(NestedProjects) = preSolution
		{E59F84F7-35D1-4302-9099-A9AB573C43AC} = {DB5AC624-D74A-4A1F-90DA-275564678296}
		{1C76C5A7-4D2F-4B00-BAC7-C4CDE1CA61D5} = {DB5AC624-D74A-4A1F-90DA-275564678296}
		{54FB6B71-5FF1-4A98-88C5-6F2EFA73E549} = {DB5AC624-D74A-4A1F-90DA-275564678296}
		{673448DC-61F6-40C6-BCE5-E62B3C449EEA} = {DB5AC624-D74A-4A1F-90DA-275564678296}
		{A8C974CC-4ED7-4C48-9541-D68F7534F1AF} = {DB5AC624-D74A-4A1F-90DA-275564678296}
		{67C02A8D-9F6D-4EEF-BCAA-8582FD5CA798} = {DB5AC624-D74A-4A1F-90DA-275564678296}
		{FD563F7A-FCC2-49D2-8CC0-049AB7DE0C50} = {460DA1D9-290A-435B-B24D-3928CDFDF826}
	EndGlobalSection
EndGlobal
